{
  "name": "proyecto",
  "lockfileVersion": 3,
  "requires": true,
  "packages": {
    "": {
      "dependencies": {
        "font-awesome": "^4.7.0",
        "leaflet": "^1.9.4",
        "leaflet-sidebar-v2": "^3.2.3"
      }
    },
    "node_modules/font-awesome": {
      "version": "4.7.0",
      "resolved": "https://registry.npmjs.org/font-awesome/-/font-awesome-4.7.0.tgz",
      "integrity": "sha512-U6kGnykA/6bFmg1M/oT9EkFeIYv7JlX3bozwQJWiiLz6L0w3F5vBVPxHlwyX/vtNq1ckcpRKOB9f2Qal/VtFpg==",
      "engines": {
        "node": ">=0.10.3"
      }
    },
    "node_modules/leaflet": {
      "version": "1.9.4",
      "resolved": "https://registry.npmjs.org/leaflet/-/leaflet-1.9.4.tgz",
      "integrity": "sha512-nxS1ynzJOmOlHp+iL3FyWqK89GtNL8U8rvlMOsQdTTssxZwCXh8N2NB3GDQOL+YR3XnWyZAxwQixURb+FA74PA=="
    },
    "node_modules/leaflet-sidebar-v2": {
      "version": "3.2.3",
      "resolved": "https://registry.npmjs.org/leaflet-sidebar-v2/-/leaflet-sidebar-v2-3.2.3.tgz",
      "integrity": "sha512-narzdn81Y/8YpgHR3jhs93LhrLq0AGSRo7CXHEICHfMeK6IHSbtFOF9CTSfueaumRK0TgvHkiiYJb9dTKta6ZQ=="
    }
  }
}
